
Microsoft Visual Studio Solution File, Format Version 12.00
# Visual Studio Version 17
VisualStudioVersion = 17.14.36603.0 d17.14
MinimumVisualStudioVersion = 10.0.40219.1
Project("{FAE04EC0-301F-11D3-BF4B-00C04F79EFBC}") = "UFOLEP84.App", "UFOLEP84.App\UFOLEP84.App.csproj", "{73B12DBF-97DB-4FD9-9C56-E1DB1DDB3104}"
EndProject
Global
	GlobalSection(SolutionConfigurationPlatforms) = preSolution
		Debug|Any CPU = Debug|Any CPU
		Release|Any CPU = Release|Any CPU
	EndGlobalSection
	GlobalSection(ProjectConfigurationPlatforms) = postSolution
		{73B12DBF-97DB-4FD9-9C56-E1DB1DDB3104}.Debug|Any CPU.ActiveCfg = Debug|Any CPU
		{73B12DBF-97DB-4FD9-9C56-E1DB1DDB3104}.Debug|Any CPU.Build.0 = Debug|Any CPU
		{73B12DBF-97DB-4FD9-9C56-E1DB1DDB3104}.Debug|Any CPU.Deploy.0 = Debug|Any CPU
		{73B12DBF-97DB-4FD9-9C56-E1DB1DDB3104}.Release|Any CPU.ActiveCfg = Release|Any CPU
		{73B12DBF-97DB-4FD9-9C56-E1DB1DDB3104}.Release|Any CPU.Build.0 = Release|Any CPU
		{73B12DBF-97DB-4FD9-9C56-E1DB1DDB3104}.Release|Any CPU.Deploy.0 = Release|Any CPU
	EndGlobalSection
	GlobalSection(SolutionProperties) = preSolution
		HideSolutionNode = FALSE
	EndGlobalSection
	GlobalSection(ExtensibilityGlobals) = postSolution
		SolutionGuid = {4D6A65DF-1180-4206-B2B8-1711E42CA596}
	EndGlobalSection
EndGlobal
